
Microsoft Visual Studio Solution File, Format Version 12.00
# Visual Studio Version 17
VisualStudioVersion = 17.8.34511.84
MinimumVisualStudioVersion = 10.0.40219.1
Project("{FAE04EC0-301F-11D3-BF4B-00C04F79EFBC}") = "EntityFrameworkCoreCodeFirstApp", "EntityFrameworkCoreCodeFirstApp\EntityFrameworkCoreCodeFirstApp.csproj", "{626001C5-3240-46AD-9C65-DE578B55446E}"
EndProject
Global
	GlobalSection(SolutionConfigurationPlatforms) = preSolution
		Debug|Any CPU = Debug|Any CPU
		Release|Any CPU = Release|Any CPU
	EndGlobalSection
	GlobalSection(ProjectConfigurationPlatforms) = postSolution
		{626001C5-3240-46AD-9C65-DE578B55446E}.Debug|Any CPU.ActiveCfg = Debug|Any CPU
		{626001C5-3240-46AD-9C65-DE578B55446E}.Debug|Any CPU.Build.0 = Debug|Any CPU
		{626001C5-3240-46AD-9C65-DE578B55446E}.Release|Any CPU.ActiveCfg = Release|Any CPU
		{626001C5-3240-46AD-9C65-DE578B55446E}.Release|Any CPU.Build.0 = Release|Any CPU
	EndGlobalSection
	GlobalSection(SolutionProperties) = preSolution
		HideSolutionNode = FALSE
	EndGlobalSection
	GlobalSection(ExtensibilityGlobals) = postSolution
		SolutionGuid = {0E29F791-7CC8-4DEE-B8B3-5DFB6D53753F}
	EndGlobalSection
EndGlobal
